
Microsoft Visual Studio Solution File, Format Version 12.00
# Visual Studio Version 17
VisualStudioVersion = 17.4.33205.214
MinimumVisualStudioVersion = 10.0.40219.1
Project("{FAE04EC0-301F-11D3-BF4B-00C04F79EFBC}") = "ResizeTest", "ResizeTest\ResizeTest.csproj", "{D1EC372A-A530-4F2D-A8B2-08AB601BBF9B}"
EndProject
Global
	GlobalSection(SolutionConfigurationPlatforms) = preSolution
		Debug|Any CPU = Debug|Any CPU
		Release|Any CPU = Release|Any CPU
	EndGlobalSection
	GlobalSection(ProjectConfigurationPlatforms) = postSolution
		{D1EC372A-A530-4F2D-A8B2-08AB601BBF9B}.Debug|Any CPU.ActiveCfg = Debug|Any CPU
		{D1EC372A-A530-4F2D-A8B2-08AB601BBF9B}.Debug|Any CPU.Build.0 = Debug|Any CPU
		{D1EC372A-A530-4F2D-A8B2-08AB601BBF9B}.Release|Any CPU.ActiveCfg = Release|Any CPU
		{D1EC372A-A530-4F2D-A8B2-08AB601BBF9B}.Release|Any CPU.Build.0 = Release|Any CPU
	EndGlobalSection
	GlobalSection(SolutionProperties) = preSolution
		HideSolutionNode = FALSE
	EndGlobalSection
	GlobalSection(ExtensibilityGlobals) = postSolution
		SolutionGuid = {C7C6BE32-48F2-4842-A74F-43C464AE55FC}
	EndGlobalSection
EndGlobal
